
Microsoft Visual Studio Solution File, Format Version 12.00
# Visual Studio Version 17
VisualStudioVersion = 17.5.002.0
MinimumVisualStudioVersion = 10.0.40219.1
Project("{9A19103F-16F7-4668-BE54-9A1E7A4F7556}") = "PraticasEstudos", "PraticasEstudos.csproj", "{3CF222A0-4663-431F-BC81-B995EB811280}"
EndProject
Global
	GlobalSection(SolutionConfigurationPlatforms) = preSolution
		Debug|Any CPU = Debug|Any CPU
		Release|Any CPU = Release|Any CPU
	EndGlobalSection
	GlobalSection(ProjectConfigurationPlatforms) = postSolution
		{3CF222A0-4663-431F-BC81-B995EB811280}.Debug|Any CPU.ActiveCfg = Debug|Any CPU
		{3CF222A0-4663-431F-BC81-B995EB811280}.Debug|Any CPU.Build.0 = Debug|Any CPU
		{3CF222A0-4663-431F-BC81-B995EB811280}.Release|Any CPU.ActiveCfg = Release|Any CPU
		{3CF222A0-4663-431F-BC81-B995EB811280}.Release|Any CPU.Build.0 = Release|Any CPU
	EndGlobalSection
	GlobalSection(SolutionProperties) = preSolution
		HideSolutionNode = FALSE
	EndGlobalSection
	GlobalSection(ExtensibilityGlobals) = postSolution
		SolutionGuid = {9621E255-DA2E-4508-8026-CBF5EEA133BC}
	EndGlobalSection
EndGlobal
