
Microsoft Visual Studio Solution File, Format Version 12.00
# Visual Studio Version 17
VisualStudioVersion = 17.5.002.0
MinimumVisualStudioVersion = 10.0.40219.1
Project("{9A19103F-16F7-4668-BE54-9A1E7A4F7556}") = "Calculator", "Calculator.csproj", "{D30986AE-87F6-4C2D-A651-EEF7208788AD}"
EndProject
Global
	GlobalSection(SolutionConfigurationPlatforms) = preSolution
		Debug|Any CPU = Debug|Any CPU
		Release|Any CPU = Release|Any CPU
	EndGlobalSection
	GlobalSection(ProjectConfigurationPlatforms) = postSolution
		{D30986AE-87F6-4C2D-A651-EEF7208788AD}.Debug|Any CPU.ActiveCfg = Debug|Any CPU
		{D30986AE-87F6-4C2D-A651-EEF7208788AD}.Debug|Any CPU.Build.0 = Debug|Any CPU
		{D30986AE-87F6-4C2D-A651-EEF7208788AD}.Release|Any CPU.ActiveCfg = Release|Any CPU
		{D30986AE-87F6-4C2D-A651-EEF7208788AD}.Release|Any CPU.Build.0 = Release|Any CPU
	EndGlobalSection
	GlobalSection(SolutionProperties) = preSolution
		HideSolutionNode = FALSE
	EndGlobalSection
	GlobalSection(ExtensibilityGlobals) = postSolution
		SolutionGuid = {F8CFEC8F-A05E-4129-BDBF-DC9F39F00A97}
	EndGlobalSection
EndGlobal
